// !$*UTF8*$!
{
	archiveVersion = 1;
	classes = {
	};
	objectVersion = 48;
	objects = {

/* Begin PBXBuildFile section */
		89C0FF371F63453F0079AD0B /* AppDelegate.swift in Sources */ = {isa = PBXBuildFile; fileRef = 89C0FF361F63453F0079AD0B /* AppDelegate.swift */; };
		89C0FF391F63453F0079AD0B /* ViewController.swift in Sources */ = {isa = PBXBuildFile; fileRef = 89C0FF381F63453F0079AD0B /* ViewController.swift */; };
		89C0FF3C1F63453F0079AD0B /* Main.storyboard in Resources */ = {isa = PBXBuildFile; fileRef = 89C0FF3A1F63453F0079AD0B /* Main.storyboard */; };
		89C0FF3F1F63453F0079AD0B /* AddOne.xcdatamodeld in Sources */ = {isa = PBXBuildFile; fileRef = 89C0FF3D1F63453F0079AD0B /* AddOne.xcdatamodeld */; };
		89C0FF411F63453F0079AD0B /* Assets.xcassets in Resources */ = {isa = PBXBuildFile; fileRef = 89C0FF401F63453F0079AD0B /* Assets.xcassets */; };
		89C0FF441F63453F0079AD0B /* LaunchScreen.storyboard in Resources */ = {isa = PBXBuildFile; fileRef = 89C0FF421F63453F0079AD0B /* LaunchScreen.storyboard */; };
/* End PBXBuildFile section */

/* Begin PBXFileReference section */
		89C0FF331F63453F0079AD0B /* AddOne.app */ = {isa = PBXFileReference; explicitFileType = wrapper.application; includeInIndex = 0; path = AddOne.app; sourceTree = BUILT_PRODUCTS_DIR; };
		89C0FF361F63453F0079AD0B /* AppDelegate.swift */ = {isa = PBXFileReference; lastKnownFileType = sourcecode.swift; path = AppDelegate.swift; sourceTree = "<group>"; };
		89C0FF381F63453F0079AD0B /* ViewController.swift */ = {isa = PBXFileReference; lastKnownFileType = sourcecode.swift; path = ViewController.swift; sourceTree = "<group>"; };
		89C0FF3B1F63453F0079AD0B /* Base */ = {isa = PBXFileReference; lastKnownFileType = file.storyboard; name = Base; path = Base.lproj/Main.storyboard; sourceTree = "<group>"; };
		89C0FF3E1F63453F0079AD0B /* AddOne.xcdatamodel */ = {isa = PBXFileReference; lastKnownFileType = wrapper.xcdatamodel; path = AddOne.xcdatamodel; sourceTree = "<group>"; };
		89C0FF401F63453F0079AD0B /* Assets.xcassets */ = {isa = PBXFileReference; lastKnownFileType = folder.assetcatalog; path = Assets.xcassets; sourceTree = "<group>"; };
		89C0FF431F63453F0079AD0B /* Base */ = {isa = PBXFileReference; lastKnownFileType = file.storyboard; name = Base; path = Base.lproj/LaunchScreen.storyboard; sourceTree = "<group>"; };
		89C0FF451F63453F0079AD0B /* Info.plist */ = {isa = PBXFileReference; lastKnownFileType = text.plist.xml; path = Info.plist; sourceTree = "<group>"; };
/* End PBXFileReference section */

/* Begin PBXFrameworksBuildPhase section */
		89C0FF301F63453F0079AD0B /* Frameworks */ = {
			isa = PBXFrameworksBuildPhase;
			buildActionMask = 2147483647;
			files = (
			);
			runOnlyForDeploymentPostprocessing = 0;
		};
/* End PBXFrameworksBuildPhase section */

/* Begin PBXGroup section */
		89C0FF2A1F63453F0079AD0B = {
			isa = PBXGroup;
			children = (
				89C0FF351F63453F0079AD0B /* AddOne */,
				89C0FF341F63453F0079AD0B /* Products */,
			);
			sourceTree = "<group>";
		};
		89C0FF341F63453F0079AD0B /* Products */ = {
			isa = PBXGroup;
			children = (
				89C0FF331F63453F0079AD0B /* AddOne.app */,
			);
			name = Products;
			sourceTree = "<group>";
		};
		89C0FF351F63453F0079AD0B /* AddOne */ = {
			isa = PBXGroup;
			children = (
				89C0FF361F63453F0079AD0B /* AppDelegate.swift */,
				89C0FF381F63453F0079AD0B /* ViewController.swift */,
				89C0FF3A1F63453F0079AD0B /* Main.storyboard */,
				89C0FF401F63453F0079AD0B /* Assets.xcassets */,
				89C0FF421F63453F0079AD0B /* LaunchScreen.storyboard */,
				89C0FF451F63453F0079AD0B /* Info.plist */,
				89C0FF3D1F63453F0079AD0B /* AddOne.xcdatamodeld */,
			);
			path = AddOne;
			sourceTree = "<group>";
		};
/* End PBXGroup section */

/* Begin PBXNativeTarget section */
		89C0FF321F63453F0079AD0B /* AddOne */ = {
			isa = PBXNativeTarget;
			buildConfigurationList = 89C0FF481F63453F0079AD0B /* Build configuration list for PBXNativeTarget "AddOne" */;
			buildPhases = (
				89C0FF2F1F63453F0079AD0B /* Sources */,
				89C0FF301F63453F0079AD0B /* Frameworks */,
				89C0FF311F63453F0079AD0B /* Resources */,
			);
			buildRules = (
			);
			dependencies = (
			);
			name = AddOne;
			productName = AddOne;
			productReference = 89C0FF331F63453F0079AD0B /* AddOne.app */;
			productType = "com.apple.product-type.application";
		};
/* End PBXNativeTarget section */

/* Begin PBXProject section */
		89C0FF2B1F63453F0079AD0B /* Project object */ = {
			isa = PBXProject;
			attributes = {
				LastSwiftUpdateCheck = 0900;
				LastUpgradeCheck = 0900;
				ORGANIZATIONNAME = "Richard Chiang";
				TargetAttributes = {
					89C0FF321F63453F0079AD0B = {
						CreatedOnToolsVersion = 9.0;
						ProvisioningStyle = Automatic;
					};
				};
			};
			buildConfigurationList = 89C0FF2E1F63453F0079AD0B /* Build configuration list for PBXProject "AddOne" */;
			compatibilityVersion = "Xcode 8.0";
			developmentRegion = en;
			hasScannedForEncodings = 0;
			knownRegions = (
				en,
				Base,
			);
			mainGroup = 89C0FF2A1F63453F0079AD0B;
			productRefGroup = 89C0FF341F63453F0079AD0B /* Products */;
			projectDirPath = "";
			projectRoot = "";
			targets = (
				89C0FF321F63453F0079AD0B /* AddOne */,
			);
		};
/* End PBXProject section */

/* Begin PBXResourcesBuildPhase section */
		89C0FF311F63453F0079AD0B /* Resources */ = {
			isa = PBXResourcesBuildPhase;
			buildActionMask = 2147483647;
			files = (
				89C0FF441F63453F0079AD0B /* LaunchScreen.storyboard in Resources */,
				89C0FF411F63453F0079AD0B /* Assets.xcassets in Resources */,
				89C0FF3C1F63453F0079AD0B /* Main.storyboard in Resources */,
			);
			runOnlyForDeploymentPostprocessing = 0;
		};
/* End PBXResourcesBuildPhase section */

/* Begin PBXSourcesBuildPhase section */
		89C0FF2F1F63453F0079AD0B /* Sources */ = {
			isa = PBXSourcesBuildPhase;
			buildActionMask = 2147483647;
			files = (
				89C0FF391F63453F0079AD0B /* ViewController.swift in Sources */,
				89C0FF3F1F63453F0079AD0B /* AddOne.xcdatamodeld in Sources */,
				89C0FF371F63453F0079AD0B /* AppDelegate.swift in Sources */,
			);
			runOnlyForDeploymentPostprocessing = 0;
		};
/* End PBXSourcesBuildPhase section */

/* Begin PBXVariantGroup section */
		89C0FF3A1F63453F0079AD0B /* Main.storyboard */ = {
			isa = PBXVariantGroup;
			children = (
				89C0FF3B1F63453F0079AD0B /* Base */,
			);
			name = Main.storyboard;
			sourceTree = "<group>";
		};
		89C0FF421F63453F0079AD0B /* LaunchScreen.storyboard */ = {
			isa = PBXVariantGroup;
			children = (
				89C0FF431F63453F0079AD0B /* Base */,
			);
			name = LaunchScreen.storyboard;
			sourceTree = "<group>";
		};
/* End PBXVariantGroup section */

/* Begin XCBuildConfiguration section */
		89C0FF461F63453F0079AD0B /* Debug */ = {
			isa = XCBuildConfiguration;
			buildSettings = {
				ALWAYS_SEARCH_USER_PATHS = NO;
				CLANG_ANALYZER_NONNULL = YES;
				CLANG_ANALYZER_NUMBER_OBJECT_CONVERSION = YES_AGGRESSIVE;
				CLANG_CXX_LANGUAGE_STANDARD = "gnu++14";
				CLANG_CXX_LIBRARY = "libc++";
				CLANG_ENABLE_MODULES = YES;
				CLANG_ENABLE_OBJC_ARC = YES;
				CLANG_WARN_BLOCK_CAPTURE_AUTORELEASING = YES;
				CLANG_WARN_BOOL_CONVERSION = YES;
				CLANG_WARN_COMMA = YES;
				CLANG_WARN_CONSTANT_CONVERSION = YES;
				CLANG_WARN_DIRECT_OBJC_ISA_USAGE = YES_ERROR;
				CLANG_WARN_DOCUMENTATION_COMMENTS = YES;
				CLANG_WARN_EMPTY_BODY = YES;
				CLANG_WARN_ENUM_CONVERSION = YES;
				CLANG_WARN_INFINITE_RECURSION = YES;
				CLANG_WARN_INT_CONVERSION = YES;
				CLANG_WARN_NON_LITERAL_NULL_CONVERSION = YES;
				CLANG_WARN_OBJC_LITERAL_CONVERSION = YES;
				CLANG_WARN_OBJC_ROOT_CLASS = YES_ERROR;
				CLANG_WARN_RANGE_LOOP_ANALYSIS = YES;
				CLANG_WARN_STRICT_PROTOTYPES = YES;
				CLANG_WARN_SUSPICIOUS_MOVE = YES;
				CLANG_WARN_UNGUARDED_AVAILABILITY = YES_AGGRESSIVE;
				CLANG_WARN_UNREACHABLE_CODE = YES;
				CLANG_WARN__DUPLICATE_METHOD_MATCH = YES;
				CODE_SIGN_IDENTITY = "iPhone Developer";
				COPY_PHASE_STRIP = NO;
				DEBUG_INFORMATION_FORMAT = dwarf;
				ENABLE_STRICT_OBJC_MSGSEND = YES;
				ENABLE_TESTABILITY = YES;
				GCC_C_LANGUAGE_STANDARD = gnu11;
				GCC_DYNAMIC_NO_PIC = NO;
				GCC_NO_COMMON_BLOCKS = YES;
				GCC_OPTIMIZATION_LEVEL = 0;
				GCC_PREPROCESSOR_DEFINITIONS = (
					"DEBUG=1",
					"$(inherited)",
				);
				GCC_WARN_64_TO_32_BIT_CONVERSION = YES;
				GCC_WARN_ABOUT_RETURN_TYPE = YES_ERROR;
				GCC_WARN_UNDECLARED_SELECTOR = YES;
				GCC_WARN_UNINITIALIZED_AUTOS = YES_AGGRESSIVE;
				GCC_WARN_UNUSED_FUNCTION = YES;
				GCC_WARN_UNUSED_VARIABLE = YES;
				IPHONEOS_DEPLOYMENT_TARGET = 11.0;
				MTL_ENABLE_DEBUG_INFO = YES;
				ONLY_ACTIVE_ARCH = YES;
				SDKROOT = iphoneos;
				SWIFT_ACTIVE_COMPILATION_CONDITIONS = DEBUG;
				SWIFT_OPTIMIZATION_LEVEL = "-Onone";
			};
			name = Debug;
		};
		89C0FF471F63453F0079AD0B /* Release */ = {
			isa = XCBuildConfiguration;
			buildSettings = {
				ALWAYS_SEARCH_USER_PATHS = NO;
				CLANG_ANALYZER_NONNULL = YES;
				CLANG_ANALYZER_NUMBER_OBJECT_CONVERSION = YES_AGGRESSIVE;
				CLANG_CXX_LANGUAGE_STANDARD = "gnu++14";
				CLANG_CXX_LIBRARY = "libc++";
				CLANG_ENABLE_MODULES = YES;
				CLANG_ENABLE_OBJC_ARC = YES;
				CLANG_WARN_BLOCK_CAPTURE_AUTORELEASING = YES;
				CLANG_WARN_BOOL_CONVERSION = YES;
				CLANG_WARN_COMMA = YES;
				CLANG_WARN_CONSTANT_CONVERSION = YES;
				CLANG_WARN_DIRECT_OBJC_ISA_USAGE = YES_ERROR;
				CLANG_WARN_DOCUMENTATION_COMMENTS = YES;
				CLANG_WARN_EMPTY_BODY = YES;
				CLANG_WARN_ENUM_CONVERSION = YES;
				CLANG_WARN_INFINITE_RECURSION = YES;
				CLANG_WARN_INT_CONVERSION = YES;
				CLANG_WARN_NON_LITERAL_NULL_CONVERSION = YES;
				CLANG_WARN_OBJC_LITERAL_CONVERSION = YES;
				CLANG_WARN_OBJC_ROOT_CLASS = YES_ERROR;
				CLANG_WARN_RANGE_LOOP_ANALYSIS = YES;
				CLANG_WARN_STRICT_PROTOTYPES = YES;
				CLANG_WARN_SUSPICIOUS_MOVE = YES;
				CLANG_WARN_UNGUARDED_AVAILABILITY = YES_AGGRESSIVE;
				CLANG_WARN_UNREACHABLE_CODE = YES;
				CLANG_WARN__DUPLICATE_METHOD_MATCH = YES;
				CODE_SIGN_IDENTITY = "iPhone Developer";
				COPY_PHASE_STRIP = NO;
				DEBUG_INFORMATION_FORMAT = "dwarf-with-dsym";
				ENABLE_NS_ASSERTIONS = NO;
				ENABLE_STRICT_OBJC_MSGSEND = YES;
				GCC_C_LANGUAGE_STANDARD = gnu11;
				GCC_NO_COMMON_BLOCKS = YES;
				GCC_WARN_64_TO_32_BIT_CONVERSION = YES;
				GCC_WARN_ABOUT_RETURN_TYPE = YES_ERROR;
				GCC_WARN_UNDECLARED_SELECTOR = YES;
				GCC_WARN_UNINITIALIZED_AUTOS = YES_AGGRESSIVE;
				GCC_WARN_UNUSED_FUNCTION = YES;
				GCC_WARN_UNUSED_VARIABLE = YES;
				IPHONEOS_DEPLOYMENT_TARGET = 11.0;
				MTL_ENABLE_DEBUG_INFO = NO;
				SDKROOT = iphoneos;
				SWIFT_OPTIMIZATION_LEVEL = "-Owholemodule";
				VALIDATE_PRODUCT = YES;
			};
			name = Release;
		};
		89C0FF491F63453F0079AD0B /* Debug */ = {
			isa = XCBuildConfiguration;
			buildSettings = {
				ASSETCATALOG_COMPILER_APPICON_NAME = AppIcon;
				CODE_SIGN_STYLE = Automatic;
				INFOPLIST_FILE = AddOne/Info.plist;
				LD_RUNPATH_SEARCH_PATHS = "$(inherited) @executable_path/Frameworks";
				PRODUCT_BUNDLE_IDENTIFIER = com.richardchiang.AddOne;
				PRODUCT_NAME = "$(TARGET_NAME)";
				SWIFT_VERSION = 4.0;
				TARGETED_DEVICE_FAMILY = "1,2";
			};
			name = Debug;
		};
		89C0FF4A1F63453F0079AD0B /* Release */ = {
			isa = XCBuildConfiguration;
			buildSettings = {
				ASSETCATALOG_COMPILER_APPICON_NAME = AppIcon;
				CODE_SIGN_STYLE = Automatic;
				INFOPLIST_FILE = AddOne/Info.plist;
				LD_RUNPATH_SEARCH_PATHS = "$(inherited) @executable_path/Frameworks";
				PRODUCT_BUNDLE_IDENTIFIER = com.richardchiang.AddOne;
				PRODUCT_NAME = "$(TARGET_NAME)";
				SWIFT_VERSION = 4.0;
				TARGETED_DEVICE_FAMILY = "1,2";
			};
			name = Release;
		};
/* End XCBuildConfiguration section */

/* Begin XCConfigurationList section */
		89C0FF2E1F63453F0079AD0B /* Build configuration list for PBXProject "AddOne" */ = {
			isa = XCConfigurationList;
			buildConfigurations = (
				89C0FF461F63453F0079AD0B /* Debug */,
				89C0FF471F63453F0079AD0B /* Release */,
			);
			defaultConfigurationIsVisible = 0;
			defaultConfigurationName = Release;
		};
		89C0FF481F63453F0079AD0B /* Build configuration list for PBXNativeTarget "AddOne" */ = {
			isa = XCConfigurationList;
			buildConfigurations = (
				89C0FF491F63453F0079AD0B /* Debug */,
				89C0FF4A1F63453F0079AD0B /* Release */,
			);
			defaultConfigurationIsVisible = 0;
			defaultConfigurationName = Release;
		};
/* End XCConfigurationList section */

/* Begin XCVersionGroup section */
		89C0FF3D1F63453F0079AD0B /* AddOne.xcdatamodeld */ = {
			isa = XCVersionGroup;
			children = (
				89C0FF3E1F63453F0079AD0B /* AddOne.xcdatamodel */,
			);
			currentVersion = 89C0FF3E1F63453F0079AD0B /* AddOne.xcdatamodel */;
			path = AddOne.xcdatamodeld;
			sourceTree = "<group>";
			versionGroupType = wrapper.xcdatamodel;
		};
/* End XCVersionGroup section */
	};
	rootObject = 89C0FF2B1F63453F0079AD0B /* Project object */;
}
